
Microsoft Visual Studio Solution File, Format Version 12.00
# Visual Studio Version 16
VisualStudioVersion = 16.0.30011.22
MinimumVisualStudioVersion = 10.0.40219.1
Project("{9A19103F-16F7-4668-BE54-9A1E7A4F7556}") = "EnviaEmail", "EnviaEmail\EnviaEmail.csproj", "{DC7109F9-65C4-450E-B41D-84BD5533A6F1}"
EndProject
Project("{9A19103F-16F7-4668-BE54-9A1E7A4F7556}") = "CadastroPessoas", "CadastroPessoas\CadastroPessoas.csproj", "{E9D82605-E9B4-4FA8-9D94-46598AF6EC05}"
EndProject
Project("{2150E333-8FDC-42A3-9474-1A3956D46DE8}") = "Banco", "Banco", "{34D1CBB9-B291-4EE5-878E-7D9F798915C1}"
	ProjectSection(SolutionItems) = preProject
		..\..\..\Desktop\Banco.sql = ..\..\..\Desktop\Banco.sql
	EndProjectSection
EndProject
Global
	GlobalSection(SolutionConfigurationPlatforms) = preSolution
		Debug|Any CPU = Debug|Any CPU
		Release|Any CPU = Release|Any CPU
	EndGlobalSection
	GlobalSection(ProjectConfigurationPlatforms) = postSolution
		{DC7109F9-65C4-450E-B41D-84BD5533A6F1}.Debug|Any CPU.ActiveCfg = Debug|Any CPU
		{DC7109F9-65C4-450E-B41D-84BD5533A6F1}.Debug|Any CPU.Build.0 = Debug|Any CPU
		{DC7109F9-65C4-450E-B41D-84BD5533A6F1}.Release|Any CPU.ActiveCfg = Release|Any CPU
		{DC7109F9-65C4-450E-B41D-84BD5533A6F1}.Release|Any CPU.Build.0 = Release|Any CPU
		{E9D82605-E9B4-4FA8-9D94-46598AF6EC05}.Debug|Any CPU.ActiveCfg = Debug|Any CPU
		{E9D82605-E9B4-4FA8-9D94-46598AF6EC05}.Debug|Any CPU.Build.0 = Debug|Any CPU
		{E9D82605-E9B4-4FA8-9D94-46598AF6EC05}.Release|Any CPU.ActiveCfg = Release|Any CPU
		{E9D82605-E9B4-4FA8-9D94-46598AF6EC05}.Release|Any CPU.Build.0 = Release|Any CPU
	EndGlobalSection
	GlobalSection(SolutionProperties) = preSolution
		HideSolutionNode = FALSE
	EndGlobalSection
	GlobalSection(ExtensibilityGlobals) = postSolution
		SolutionGuid = {E25147A9-E6EF-4C80-AC9C-661E92098862}
	EndGlobalSection
EndGlobal
